
Microsoft Visual Studio Solution File, Format Version 12.00
# Visual Studio Version 16
VisualStudioVersion = 16.0.28922.388
MinimumVisualStudioVersion = 10.0.40219.1
Project("{FAE04EC0-301F-11D3-BF4B-00C04F79EFBC}") = "GuardTowers", "GuardTowers\GuardTowers.csproj", "{FC44156D-83C2-4DC7-9748-B98AC10D8EA6}"
EndProject
Global
	GlobalSection(SolutionConfigurationPlatforms) = preSolution
		Debug|Any CPU = Debug|Any CPU
		Release|Any CPU = Release|Any CPU
	EndGlobalSection
	GlobalSection(ProjectConfigurationPlatforms) = postSolution
		{FC44156D-83C2-4DC7-9748-B98AC10D8EA6}.Debug|Any CPU.ActiveCfg = Debug|Any CPU
		{FC44156D-83C2-4DC7-9748-B98AC10D8EA6}.Debug|Any CPU.Build.0 = Debug|Any CPU
		{FC44156D-83C2-4DC7-9748-B98AC10D8EA6}.Release|Any CPU.ActiveCfg = Release|Any CPU
		{FC44156D-83C2-4DC7-9748-B98AC10D8EA6}.Release|Any CPU.Build.0 = Release|Any CPU
	EndGlobalSection
	GlobalSection(SolutionProperties) = preSolution
		HideSolutionNode = FALSE
	EndGlobalSection
	GlobalSection(ExtensibilityGlobals) = postSolution
		SolutionGuid = {524857A7-B48B-48E0-94FE-BC2D4E1BA55D}
	EndGlobalSection
EndGlobal
